<?xml version="1.0" encoding="utf-8"?>
<Project ToolsVersion="4.0" xmlns="http://schemas.microsoft.com/developer/msbuild/2003">
  <ItemGroup>
    <Filter Include="Source Files">
      <UniqueIdentifier>{4FC737F1-C7A5-4376-A066-2A32D752A2FF}</UniqueIdentifier>
      <Extensions>cpp;c;cc;cxx;def;odl;idl;hpj;bat;asm;asmx</Extensions>
    </Filter>
    <Filter Include="Header Files">
      <UniqueIdentifier>{93995380-89BD-4b04-88EB-625FBE52EBFB}</UniqueIdentifier>
      <Extensions>h;hh;hpp;hxx;hm;inl;inc;xsd</Extensions>
    </Filter>
    <Filter Include="Resource Files">
      <UniqueIdentifier>{67DA6AB6-F800-4c08-8B7A-83BB121AAD01}</UniqueIdentifier>
      <Extensions>rc;ico;cur;bmp;dlg;rc2;rct;bin;rgs;gif;jpg;jpeg;jpe;resx;tiff;tif;png;wav;mfcribbon-ms</Extensions>
    </Filter>
    <Filter Include="Source Files\cpp">
      <UniqueIdentifier>{a00b06ae-fd40-4bb7-b4aa-1e232b9a9fac}</UniqueIdentifier>
    </Filter>
    <Filter Include="Source Files\Headers">
      <UniqueIdentifier>{14af2a33-b471-4947-a9dc-a6c05a390049}</UniqueIdentifier>
    </Filter>
  </ItemGroup>
  <ItemGroup>
    <Text Include="ReadMe.txt" />
  </ItemGroup>
  <ItemGroup>
    <ClInclude Include="stdafx.h">
      <Filter>Header Files</Filter>
    </ClInclude>
    <ClInclude Include="targetver.h">
      <Filter>Header Files</Filter>
    </ClInclude>
    <ClInclude Include="resource.h">
      <Filter>Header Files</Filter>
    </ClInclude>
    <ClInclude Include="..\lib\BrainStem2\a40PinModule.h">
      <Filter>Header Files</Filter>
    </ClInclude>
    <ClInclude Include="..\lib\BrainStem2\aDefs.h">
      <Filter>Header Files</Filter>
    </ClInclude>
    <ClInclude Include="..\lib\BrainStem2\aDiscover.h">
      <Filter>Header Files</Filter>
    </ClInclude>
    <ClInclude Include="..\lib\BrainStem2\aError.h">
      <Filter>Header Files</Filter>
    </ClInclude>
    <ClInclude Include="..\lib\BrainStem2\aEtherStem.h">
      <Filter>Header Files</Filter>
    </ClInclude>
    <ClInclude Include="..\lib\BrainStem2\aFile.h">
      <Filter>Header Files</Filter>
    </ClInclude>
    <ClInclude Include="..\lib\BrainStem2\aLink.h">
      <Filter>Header Files</Filter>
    </ClInclude>
    <ClInclude Include="..\lib\BrainStem2\aMTMEtherStem.h">
      <Filter>Header Files</Filter>
    </ClInclude>
    <ClInclude Include="..\lib\BrainStem2\aMTMIOSerial.h">
      <Filter>Header Files</Filter>
    </ClInclude>
    <ClInclude Include="..\lib\BrainStem2\aMTMPM1.h">
      <Filter>Header Files</Filter>
    </ClInclude>
    <ClInclude Include="..\lib\BrainStem2\aMTMRelay.h">
      <Filter>Header Files</Filter>
    </ClInclude>
    <ClInclude Include="..\lib\BrainStem2\aMTMStemModule.h">
      <Filter>Header Files</Filter>
    </ClInclude>
    <ClInclude Include="..\lib\BrainStem2\aMTMUSBStem.h">
      <Filter>Header Files</Filter>
    </ClInclude>
    <ClInclude Include="..\lib\BrainStem2\aMutex.h">
      <Filter>Header Files</Filter>
    </ClInclude>
    <ClInclude Include="..\lib\BrainStem2\aPacket.h">
      <Filter>Header Files</Filter>
    </ClInclude>
    <ClInclude Include="..\lib\BrainStem2\aProtocoldefs.h">
      <Filter>Header Files</Filter>
    </ClInclude>
    <ClInclude Include="..\lib\BrainStem2\aStream.h">
      <Filter>Header Files</Filter>
    </ClInclude>
    <ClInclude Include="..\lib\BrainStem2\aTime.h">
      <Filter>Header Files</Filter>
    </ClInclude>
    <ClInclude Include="..\lib\BrainStem2\aUEI.h">
      <Filter>Header Files</Filter>
    </ClInclude>
    <ClInclude Include="..\lib\BrainStem2\aUSBHub2x4.h">
      <Filter>Header Files</Filter>
    </ClInclude>
    <ClInclude Include="..\lib\BrainStem2\aUSBHub3p.h">
      <Filter>Header Files</Filter>
    </ClInclude>
    <ClInclude Include="..\lib\BrainStem2\aUSBStem.h">
      <Filter>Header Files</Filter>
    </ClInclude>
    <ClInclude Include="..\lib\BrainStem2\aVersion.h">
      <Filter>Header Files</Filter>
    </ClInclude>
    <ClInclude Include="..\lib\BrainStem2\BrainStem-all.h">
      <Filter>Header Files</Filter>
    </ClInclude>
    <ClInclude Include="..\lib\BrainStem2\BrainStem-C.h">
      <Filter>Header Files</Filter>
    </ClInclude>
    <ClInclude Include="..\lib\BrainStem2\BrainStem-core.h">
      <Filter>Header Files</Filter>
    </ClInclude>
    <ClInclude Include="..\lib\BrainStem2\BrainStem-entity.h">
      <Filter>Header Files</Filter>
    </ClInclude>
    <ClInclude Include="..\lib\BrainStem2\BrainStem-util.h">
      <Filter>Header Files</Filter>
    </ClInclude>
    <ClInclude Include="AnalogEntity_LabView.h">
      <Filter>Source Files\Headers</Filter>
    </ClInclude>
    <ClInclude Include="LabView_All.h">
      <Filter>Source Files\Headers</Filter>
    </ClInclude>
    <ClInclude Include="Modules_LabView.h">
      <Filter>Source Files\Headers</Filter>
    </ClInclude>
    <ClInclude Include="SystemEntity_LabView.h">
      <Filter>Source Files\Headers</Filter>
    </ClInclude>
    <ClInclude Include="USBEntity_LabView.h">
      <Filter>Source Files\Headers</Filter>
    </ClInclude>
    <ClInclude Include="Utilities.h">
      <Filter>Source Files\Headers</Filter>
    </ClInclude>
    <ClInclude Include="DigitalEntity_LabView.h">
      <Filter>Source Files\Headers</Filter>
    </ClInclude>
  </ItemGroup>
  <ItemGroup>
    <ClCompile Include="Modules_LabView.cpp">
      <Filter>Source Files\cpp</Filter>
    </ClCompile>
    <ClCompile Include="SystemEntity_LabView.cpp">
      <Filter>Source Files\cpp</Filter>
    </ClCompile>
    <ClCompile Include="USBEntity_LabView.cpp">
      <Filter>Source Files\cpp</Filter>
    </ClCompile>
    <ClCompile Include="Utilities.cpp">
      <Filter>Source Files\cpp</Filter>
    </ClCompile>
    <ClCompile Include="dllmain.cpp">
      <Filter>Source Files\cpp</Filter>
    </ClCompile>
    <ClCompile Include="stdafx.cpp">
      <Filter>Source Files\cpp</Filter>
    </ClCompile>
    <ClCompile Include="AnalogEntity_LabView.cpp">
      <Filter>Source Files\cpp</Filter>
    </ClCompile>
    <ClCompile Include="DigitalEntity_LabView.cpp">
      <Filter>Source Files\cpp</Filter>
    </ClCompile>
  </ItemGroup>
  <ItemGroup>
    <None Include="..\lib\BrainStem2\BrainStem_POC.vi" />
    <None Include="..\lib\w32\BrainStem2.dll" />
  </ItemGroup>
  <ItemGroup>
    <Library Include="..\lib\w32\BrainStem2.lib" />
  </ItemGroup>
</Project>